
Microsoft Visual Studio Solution File, Format Version 12.00
# Visual Studio 2013
VisualStudioVersion = 12.0.21005.1
MinimumVisualStudioVersion = 10.0.40219.1
Project("{FAE04EC0-301F-11D3-BF4B-00C04F79EFBC}") = "DokanNet", "..\DokanNet\DokanNet.csproj", "{A09B408A-26A0-4FF8-83D5-6E1B1DA5F63C}"
EndProject
Project("{FAE04EC0-301F-11D3-BF4B-00C04F79EFBC}") = "Renci.SshNet", "..\Renci.SshNet\Renci.SshNet.csproj", "{2F5F8C90-0BD1-424F-997C-7BC6280919D1}"
EndProject
Project("{FAE04EC0-301F-11D3-BF4B-00C04F79EFBC}") = "Sshfs", "Sshfs\Sshfs.csproj", "{FF4FC8BB-91A3-45FF-8449-650647610394}"
EndProject
Project("{FAE04EC0-301F-11D3-BF4B-00C04F79EFBC}") = "testclient", "testclient\testclient.csproj", "{F270FC5C-8E30-4770-A0AF-D048D4DCDF88}"
EndProject
Project("{FAE04EC0-301F-11D3-BF4B-00C04F79EFBC}") = "FiSSHBone", "FiSSHBone\FiSSHBone.csproj", "{8AAEC127-624E-4298-B32D-250888E402F3}"
EndProject
Project("{FAE04EC0-301F-11D3-BF4B-00C04F79EFBC}") = "GUI", "GUI\WindowsFormsApplication2\GUI.csproj", "{715AAC89-346A-4CBC-BC89-10B56AEF7AAB}"
EndProject
Global
	GlobalSection(SolutionConfigurationPlatforms) = preSolution
		Debug|Any CPU = Debug|Any CPU
		Debug|Mixed Platforms = Debug|Mixed Platforms
		Debug|x86 = Debug|x86
		DebugNoTimeout|Any CPU = DebugNoTimeout|Any CPU
		DebugNoTimeout|Mixed Platforms = DebugNoTimeout|Mixed Platforms
		DebugNoTimeout|x86 = DebugNoTimeout|x86
		Release|Any CPU = Release|Any CPU
		Release|Mixed Platforms = Release|Mixed Platforms
		Release|x86 = Release|x86
		ReleaseFW2|Any CPU = ReleaseFW2|Any CPU
		ReleaseFW2|Mixed Platforms = ReleaseFW2|Mixed Platforms
		ReleaseFW2|x86 = ReleaseFW2|x86
	EndGlobalSection
	GlobalSection(ProjectConfigurationPlatforms) = postSolution
		{A09B408A-26A0-4FF8-83D5-6E1B1DA5F63C}.Debug|Any CPU.ActiveCfg = Debug|Any CPU
		{A09B408A-26A0-4FF8-83D5-6E1B1DA5F63C}.Debug|Any CPU.Build.0 = Debug|Any CPU
		{A09B408A-26A0-4FF8-83D5-6E1B1DA5F63C}.Debug|Mixed Platforms.ActiveCfg = Debug|x86
		{A09B408A-26A0-4FF8-83D5-6E1B1DA5F63C}.Debug|Mixed Platforms.Build.0 = Debug|x86
		{A09B408A-26A0-4FF8-83D5-6E1B1DA5F63C}.Debug|x86.ActiveCfg = Debug|x86
		{A09B408A-26A0-4FF8-83D5-6E1B1DA5F63C}.Debug|x86.Build.0 = Debug|x86
		{A09B408A-26A0-4FF8-83D5-6E1B1DA5F63C}.DebugNoTimeout|Any CPU.ActiveCfg = Debug|x86
		{A09B408A-26A0-4FF8-83D5-6E1B1DA5F63C}.DebugNoTimeout|Mixed Platforms.ActiveCfg = Debug|x86
		{A09B408A-26A0-4FF8-83D5-6E1B1DA5F63C}.DebugNoTimeout|Mixed Platforms.Build.0 = Debug|x86
		{A09B408A-26A0-4FF8-83D5-6E1B1DA5F63C}.DebugNoTimeout|x86.ActiveCfg = Debug|x86
		{A09B408A-26A0-4FF8-83D5-6E1B1DA5F63C}.DebugNoTimeout|x86.Build.0 = Debug|x86
		{A09B408A-26A0-4FF8-83D5-6E1B1DA5F63C}.Release|Any CPU.ActiveCfg = Release|Any CPU
		{A09B408A-26A0-4FF8-83D5-6E1B1DA5F63C}.Release|Any CPU.Build.0 = Release|Any CPU
		{A09B408A-26A0-4FF8-83D5-6E1B1DA5F63C}.Release|Mixed Platforms.ActiveCfg = Release|x86
		{A09B408A-26A0-4FF8-83D5-6E1B1DA5F63C}.Release|Mixed Platforms.Build.0 = Release|x86
		{A09B408A-26A0-4FF8-83D5-6E1B1DA5F63C}.Release|x86.ActiveCfg = Release|x86
		{A09B408A-26A0-4FF8-83D5-6E1B1DA5F63C}.Release|x86.Build.0 = Release|x86
		{A09B408A-26A0-4FF8-83D5-6E1B1DA5F63C}.ReleaseFW2|Any CPU.ActiveCfg = Release|x86
		{A09B408A-26A0-4FF8-83D5-6E1B1DA5F63C}.ReleaseFW2|Mixed Platforms.ActiveCfg = Release|x86
		{A09B408A-26A0-4FF8-83D5-6E1B1DA5F63C}.ReleaseFW2|Mixed Platforms.Build.0 = Release|x86
		{A09B408A-26A0-4FF8-83D5-6E1B1DA5F63C}.ReleaseFW2|x86.ActiveCfg = Release|x86
		{A09B408A-26A0-4FF8-83D5-6E1B1DA5F63C}.ReleaseFW2|x86.Build.0 = Release|x86
		{2F5F8C90-0BD1-424F-997C-7BC6280919D1}.Debug|Any CPU.ActiveCfg = Debug|Any CPU
		{2F5F8C90-0BD1-424F-997C-7BC6280919D1}.Debug|Any CPU.Build.0 = Debug|Any CPU
		{2F5F8C90-0BD1-424F-997C-7BC6280919D1}.Debug|Mixed Platforms.ActiveCfg = Debug|Any CPU
		{2F5F8C90-0BD1-424F-997C-7BC6280919D1}.Debug|Mixed Platforms.Build.0 = Debug|Any CPU
		{2F5F8C90-0BD1-424F-997C-7BC6280919D1}.Debug|x86.ActiveCfg = Debug|Any CPU
		{2F5F8C90-0BD1-424F-997C-7BC6280919D1}.DebugNoTimeout|Any CPU.ActiveCfg = Debug|Any CPU
		{2F5F8C90-0BD1-424F-997C-7BC6280919D1}.DebugNoTimeout|Any CPU.Build.0 = Debug|Any CPU
		{2F5F8C90-0BD1-424F-997C-7BC6280919D1}.DebugNoTimeout|Mixed Platforms.ActiveCfg = Debug|Any CPU
		{2F5F8C90-0BD1-424F-997C-7BC6280919D1}.DebugNoTimeout|Mixed Platforms.Build.0 = Debug|Any CPU
		{2F5F8C90-0BD1-424F-997C-7BC6280919D1}.DebugNoTimeout|x86.ActiveCfg = Debug|Any CPU
		{2F5F8C90-0BD1-424F-997C-7BC6280919D1}.Release|Any CPU.ActiveCfg = Release|Any CPU
		{2F5F8C90-0BD1-424F-997C-7BC6280919D1}.Release|Any CPU.Build.0 = Release|Any CPU
		{2F5F8C90-0BD1-424F-997C-7BC6280919D1}.Release|Mixed Platforms.ActiveCfg = Release|Any CPU
		{2F5F8C90-0BD1-424F-997C-7BC6280919D1}.Release|Mixed Platforms.Build.0 = Release|Any CPU
		{2F5F8C90-0BD1-424F-997C-7BC6280919D1}.Release|x86.ActiveCfg = Release|Any CPU
		{2F5F8C90-0BD1-424F-997C-7BC6280919D1}.Release|x86.Build.0 = Release|Any CPU
		{2F5F8C90-0BD1-424F-997C-7BC6280919D1}.ReleaseFW2|Any CPU.ActiveCfg = Release|Any CPU
		{2F5F8C90-0BD1-424F-997C-7BC6280919D1}.ReleaseFW2|Any CPU.Build.0 = Release|Any CPU
		{2F5F8C90-0BD1-424F-997C-7BC6280919D1}.ReleaseFW2|Mixed Platforms.ActiveCfg = Release|Any CPU
		{2F5F8C90-0BD1-424F-997C-7BC6280919D1}.ReleaseFW2|Mixed Platforms.Build.0 = Release|Any CPU
		{2F5F8C90-0BD1-424F-997C-7BC6280919D1}.ReleaseFW2|x86.ActiveCfg = Release|Any CPU
		{FF4FC8BB-91A3-45FF-8449-650647610394}.Debug|Any CPU.ActiveCfg = Debug|x86
		{FF4FC8BB-91A3-45FF-8449-650647610394}.Debug|Mixed Platforms.ActiveCfg = Debug|x86
		{FF4FC8BB-91A3-45FF-8449-650647610394}.Debug|Mixed Platforms.Build.0 = Debug|x86
		{FF4FC8BB-91A3-45FF-8449-650647610394}.Debug|x86.ActiveCfg = Debug|x86
		{FF4FC8BB-91A3-45FF-8449-650647610394}.Debug|x86.Build.0 = Debug|x86
		{FF4FC8BB-91A3-45FF-8449-650647610394}.DebugNoTimeout|Any CPU.ActiveCfg = Debug|x86
		{FF4FC8BB-91A3-45FF-8449-650647610394}.DebugNoTimeout|Mixed Platforms.ActiveCfg = Debug|x86
		{FF4FC8BB-91A3-45FF-8449-650647610394}.DebugNoTimeout|Mixed Platforms.Build.0 = Debug|x86
		{FF4FC8BB-91A3-45FF-8449-650647610394}.DebugNoTimeout|x86.ActiveCfg = Debug|x86
		{FF4FC8BB-91A3-45FF-8449-650647610394}.DebugNoTimeout|x86.Build.0 = Debug|x86
		{FF4FC8BB-91A3-45FF-8449-650647610394}.Release|Any CPU.ActiveCfg = Release|x86
		{FF4FC8BB-91A3-45FF-8449-650647610394}.Release|Mixed Platforms.ActiveCfg = Release|x86
		{FF4FC8BB-91A3-45FF-8449-650647610394}.Release|Mixed Platforms.Build.0 = Release|x86
		{FF4FC8BB-91A3-45FF-8449-650647610394}.Release|x86.ActiveCfg = Release|x86
		{FF4FC8BB-91A3-45FF-8449-650647610394}.Release|x86.Build.0 = Release|x86
		{FF4FC8BB-91A3-45FF-8449-650647610394}.ReleaseFW2|Any CPU.ActiveCfg = Release|x86
		{FF4FC8BB-91A3-45FF-8449-650647610394}.ReleaseFW2|Mixed Platforms.ActiveCfg = Release|x86
		{FF4FC8BB-91A3-45FF-8449-650647610394}.ReleaseFW2|Mixed Platforms.Build.0 = Release|x86
		{FF4FC8BB-91A3-45FF-8449-650647610394}.ReleaseFW2|x86.ActiveCfg = Release|x86
		{FF4FC8BB-91A3-45FF-8449-650647610394}.ReleaseFW2|x86.Build.0 = Release|x86
		{F270FC5C-8E30-4770-A0AF-D048D4DCDF88}.Debug|Any CPU.ActiveCfg = Debug|Any CPU
		{F270FC5C-8E30-4770-A0AF-D048D4DCDF88}.Debug|Any CPU.Build.0 = Debug|Any CPU
		{F270FC5C-8E30-4770-A0AF-D048D4DCDF88}.Debug|Mixed Platforms.ActiveCfg = Debug|Any CPU
		{F270FC5C-8E30-4770-A0AF-D048D4DCDF88}.Debug|Mixed Platforms.Build.0 = Debug|Any CPU
		{F270FC5C-8E30-4770-A0AF-D048D4DCDF88}.Debug|x86.ActiveCfg = Debug|Any CPU
		{F270FC5C-8E30-4770-A0AF-D048D4DCDF88}.DebugNoTimeout|Any CPU.ActiveCfg = Debug|Any CPU
		{F270FC5C-8E30-4770-A0AF-D048D4DCDF88}.DebugNoTimeout|Any CPU.Build.0 = Debug|Any CPU
		{F270FC5C-8E30-4770-A0AF-D048D4DCDF88}.DebugNoTimeout|Mixed Platforms.ActiveCfg = Debug|Any CPU
		{F270FC5C-8E30-4770-A0AF-D048D4DCDF88}.DebugNoTimeout|Mixed Platforms.Build.0 = Debug|Any CPU
		{F270FC5C-8E30-4770-A0AF-D048D4DCDF88}.DebugNoTimeout|x86.ActiveCfg = Debug|Any CPU
		{F270FC5C-8E30-4770-A0AF-D048D4DCDF88}.Release|Any CPU.ActiveCfg = Release|Any CPU
		{F270FC5C-8E30-4770-A0AF-D048D4DCDF88}.Release|Any CPU.Build.0 = Release|Any CPU
		{F270FC5C-8E30-4770-A0AF-D048D4DCDF88}.Release|Mixed Platforms.ActiveCfg = Release|Any CPU
		{F270FC5C-8E30-4770-A0AF-D048D4DCDF88}.Release|Mixed Platforms.Build.0 = Release|Any CPU
		{F270FC5C-8E30-4770-A0AF-D048D4DCDF88}.Release|x86.ActiveCfg = Release|Any CPU
		{F270FC5C-8E30-4770-A0AF-D048D4DCDF88}.ReleaseFW2|Any CPU.ActiveCfg = Release|Any CPU
		{F270FC5C-8E30-4770-A0AF-D048D4DCDF88}.ReleaseFW2|Any CPU.Build.0 = Release|Any CPU
		{F270FC5C-8E30-4770-A0AF-D048D4DCDF88}.ReleaseFW2|Mixed Platforms.ActiveCfg = Release|Any CPU
		{F270FC5C-8E30-4770-A0AF-D048D4DCDF88}.ReleaseFW2|Mixed Platforms.Build.0 = Release|Any CPU
		{F270FC5C-8E30-4770-A0AF-D048D4DCDF88}.ReleaseFW2|x86.ActiveCfg = Release|Any CPU
		{8AAEC127-624E-4298-B32D-250888E402F3}.Debug|Any CPU.ActiveCfg = Debug|Any CPU
		{8AAEC127-624E-4298-B32D-250888E402F3}.Debug|Any CPU.Build.0 = Debug|Any CPU
		{8AAEC127-624E-4298-B32D-250888E402F3}.Debug|Mixed Platforms.ActiveCfg = Debug|Any CPU
		{8AAEC127-624E-4298-B32D-250888E402F3}.Debug|Mixed Platforms.Build.0 = Debug|Any CPU
		{8AAEC127-624E-4298-B32D-250888E402F3}.Debug|x86.ActiveCfg = Debug|Any CPU
		{8AAEC127-624E-4298-B32D-250888E402F3}.DebugNoTimeout|Any CPU.ActiveCfg = Debug|Any CPU
		{8AAEC127-624E-4298-B32D-250888E402F3}.DebugNoTimeout|Any CPU.Build.0 = Debug|Any CPU
		{8AAEC127-624E-4298-B32D-250888E402F3}.DebugNoTimeout|Mixed Platforms.ActiveCfg = Debug|Any CPU
		{8AAEC127-624E-4298-B32D-250888E402F3}.DebugNoTimeout|Mixed Platforms.Build.0 = Debug|Any CPU
		{8AAEC127-624E-4298-B32D-250888E402F3}.DebugNoTimeout|x86.ActiveCfg = Debug|Any CPU
		{8AAEC127-624E-4298-B32D-250888E402F3}.Release|Any CPU.ActiveCfg = Release|Any CPU
		{8AAEC127-624E-4298-B32D-250888E402F3}.Release|Any CPU.Build.0 = Release|Any CPU
		{8AAEC127-624E-4298-B32D-250888E402F3}.Release|Mixed Platforms.ActiveCfg = Release|Any CPU
		{8AAEC127-624E-4298-B32D-250888E402F3}.Release|Mixed Platforms.Build.0 = Release|Any CPU
		{8AAEC127-624E-4298-B32D-250888E402F3}.Release|x86.ActiveCfg = Release|Any CPU
		{8AAEC127-624E-4298-B32D-250888E402F3}.ReleaseFW2|Any CPU.ActiveCfg = Release|Any CPU
		{8AAEC127-624E-4298-B32D-250888E402F3}.ReleaseFW2|Any CPU.Build.0 = Release|Any CPU
		{8AAEC127-624E-4298-B32D-250888E402F3}.ReleaseFW2|Mixed Platforms.ActiveCfg = Release|Any CPU
		{8AAEC127-624E-4298-B32D-250888E402F3}.ReleaseFW2|Mixed Platforms.Build.0 = Release|Any CPU
		{8AAEC127-624E-4298-B32D-250888E402F3}.ReleaseFW2|x86.ActiveCfg = Release|Any CPU
		{715AAC89-346A-4CBC-BC89-10B56AEF7AAB}.Debug|Any CPU.ActiveCfg = Debug|Any CPU
		{715AAC89-346A-4CBC-BC89-10B56AEF7AAB}.Debug|Any CPU.Build.0 = Debug|Any CPU
		{715AAC89-346A-4CBC-BC89-10B56AEF7AAB}.Debug|Mixed Platforms.ActiveCfg = Debug|Any CPU
		{715AAC89-346A-4CBC-BC89-10B56AEF7AAB}.Debug|Mixed Platforms.Build.0 = Debug|Any CPU
		{715AAC89-346A-4CBC-BC89-10B56AEF7AAB}.Debug|x86.ActiveCfg = Debug|Any CPU
		{715AAC89-346A-4CBC-BC89-10B56AEF7AAB}.DebugNoTimeout|Any CPU.ActiveCfg = Debug|Any CPU
		{715AAC89-346A-4CBC-BC89-10B56AEF7AAB}.DebugNoTimeout|Any CPU.Build.0 = Debug|Any CPU
		{715AAC89-346A-4CBC-BC89-10B56AEF7AAB}.DebugNoTimeout|Mixed Platforms.ActiveCfg = Debug|Any CPU
		{715AAC89-346A-4CBC-BC89-10B56AEF7AAB}.DebugNoTimeout|Mixed Platforms.Build.0 = Debug|Any CPU
		{715AAC89-346A-4CBC-BC89-10B56AEF7AAB}.DebugNoTimeout|x86.ActiveCfg = Debug|Any CPU
		{715AAC89-346A-4CBC-BC89-10B56AEF7AAB}.Release|Any CPU.ActiveCfg = Release|Any CPU
		{715AAC89-346A-4CBC-BC89-10B56AEF7AAB}.Release|Any CPU.Build.0 = Release|Any CPU
		{715AAC89-346A-4CBC-BC89-10B56AEF7AAB}.Release|Mixed Platforms.ActiveCfg = Release|Any CPU
		{715AAC89-346A-4CBC-BC89-10B56AEF7AAB}.Release|Mixed Platforms.Build.0 = Release|Any CPU
		{715AAC89-346A-4CBC-BC89-10B56AEF7AAB}.Release|x86.ActiveCfg = Release|Any CPU
		{715AAC89-346A-4CBC-BC89-10B56AEF7AAB}.ReleaseFW2|Any CPU.ActiveCfg = Release|Any CPU
		{715AAC89-346A-4CBC-BC89-10B56AEF7AAB}.ReleaseFW2|Any CPU.Build.0 = Release|Any CPU
		{715AAC89-346A-4CBC-BC89-10B56AEF7AAB}.ReleaseFW2|Mixed Platforms.ActiveCfg = Release|Any CPU
		{715AAC89-346A-4CBC-BC89-10B56AEF7AAB}.ReleaseFW2|Mixed Platforms.Build.0 = Release|Any CPU
		{715AAC89-346A-4CBC-BC89-10B56AEF7AAB}.ReleaseFW2|x86.ActiveCfg = Release|Any CPU
	EndGlobalSection
	GlobalSection(SolutionProperties) = preSolution
		HideSolutionNode = FALSE
	EndGlobalSection
EndGlobal
