<<<<<<< HEAD
﻿
Microsoft Visual Studio Solution File, Format Version 12.00
# Visual Studio 15
VisualStudioVersion = 15.0.27130.2010
MinimumVisualStudioVersion = 10.0.40219.1
Project("{FAE04EC0-301F-11D3-BF4B-00C04F79EFBC}") = "SshFS.dll", "SSHFS.Lib\SshFS.dll.csproj", "{BB3A75D3-9552-4876-BBDC-ABDC6B099F4A}"
EndProject
Project("{FAE04EC0-301F-11D3-BF4B-00C04F79EFBC}") = "Renci.SshNet", "..\SSH.NET\src\Renci.SshNet\Renci.SshNet.csproj", "{2F5F8C90-0BD1-424F-997C-7BC6280919D1}"
EndProject
Project("{FAE04EC0-301F-11D3-BF4B-00C04F79EFBC}") = "SshFS", "SSHFS.CLI\SshFS.csproj", "{B592BD5C-D090-444E-9931-5FC45E30B887}"
EndProject
Project("{FAE04EC0-301F-11D3-BF4B-00C04F79EFBC}") = "FSTester", "FSTester\FSTester.csproj", "{1B5533B8-DFCD-4F19-9EAB-438633E7C00B}"
	ProjectSection(ProjectDependencies) = postProject
		{B592BD5C-D090-444E-9931-5FC45E30B887} = {B592BD5C-D090-444E-9931-5FC45E30B887}
		{2F5F8C90-0BD1-424F-997C-7BC6280919D1} = {2F5F8C90-0BD1-424F-997C-7BC6280919D1}
		{BB3A75D3-9552-4876-BBDC-ABDC6B099F4A} = {BB3A75D3-9552-4876-BBDC-ABDC6B099F4A}
	EndProjectSection
EndProject
Project("{930C7802-8A8C-48F9-8165-68863BCCD9DD}") = "SshFS_Dokan_Bootloader", "Bootstrapper\SshFS_Dokan_Bootloader.wixproj", "{DB6C6262-47AA-4CA1-8D98-0C2525AD5074}"
	ProjectSection(ProjectDependencies) = postProject
		{9552311D-F6B4-43F6-8859-7C3B41A4311D} = {9552311D-F6B4-43F6-8859-7C3B41A4311D}
	EndProjectSection
EndProject
Project("{930C7802-8A8C-48F9-8165-68863BCCD9DD}") = "SshFS_Installer", "SSHFSInstaller\SshFS_Installer.wixproj", "{9552311D-F6B4-43F6-8859-7C3B41A4311D}"
EndProject
Global
	GlobalSection(SolutionConfigurationPlatforms) = preSolution
		Debug|Any CPU = Debug|Any CPU
		Debug|Mixed Platforms = Debug|Mixed Platforms
		Debug|x64 = Debug|x64
		Debug|x86 = Debug|x86
		DebugNoTimeout|Any CPU = DebugNoTimeout|Any CPU
		DebugNoTimeout|Mixed Platforms = DebugNoTimeout|Mixed Platforms
		DebugNoTimeout|x64 = DebugNoTimeout|x64
		DebugNoTimeout|x86 = DebugNoTimeout|x86
		Release|Any CPU = Release|Any CPU
		Release|Mixed Platforms = Release|Mixed Platforms
		Release|x64 = Release|x64
		Release|x86 = Release|x86
		ReleaseFW2|Any CPU = ReleaseFW2|Any CPU
		ReleaseFW2|Mixed Platforms = ReleaseFW2|Mixed Platforms
		ReleaseFW2|x64 = ReleaseFW2|x64
		ReleaseFW2|x86 = ReleaseFW2|x86
	EndGlobalSection
	GlobalSection(ProjectConfigurationPlatforms) = postSolution
		{BB3A75D3-9552-4876-BBDC-ABDC6B099F4A}.Debug|Any CPU.ActiveCfg = Debug|Any CPU
		{BB3A75D3-9552-4876-BBDC-ABDC6B099F4A}.Debug|Any CPU.Build.0 = Debug|Any CPU
		{BB3A75D3-9552-4876-BBDC-ABDC6B099F4A}.Debug|Mixed Platforms.ActiveCfg = Debug|Any CPU
		{BB3A75D3-9552-4876-BBDC-ABDC6B099F4A}.Debug|Mixed Platforms.Build.0 = Debug|Any CPU
		{BB3A75D3-9552-4876-BBDC-ABDC6B099F4A}.Debug|x64.ActiveCfg = Debug|Any CPU
		{BB3A75D3-9552-4876-BBDC-ABDC6B099F4A}.Debug|x64.Build.0 = Debug|Any CPU
		{BB3A75D3-9552-4876-BBDC-ABDC6B099F4A}.Debug|x86.ActiveCfg = Debug|Any CPU
		{BB3A75D3-9552-4876-BBDC-ABDC6B099F4A}.Debug|x86.Build.0 = Debug|Any CPU
		{BB3A75D3-9552-4876-BBDC-ABDC6B099F4A}.DebugNoTimeout|Any CPU.ActiveCfg = Debug|Any CPU
		{BB3A75D3-9552-4876-BBDC-ABDC6B099F4A}.DebugNoTimeout|Any CPU.Build.0 = Debug|Any CPU
		{BB3A75D3-9552-4876-BBDC-ABDC6B099F4A}.DebugNoTimeout|Mixed Platforms.ActiveCfg = Debug|Any CPU
		{BB3A75D3-9552-4876-BBDC-ABDC6B099F4A}.DebugNoTimeout|Mixed Platforms.Build.0 = Debug|Any CPU
		{BB3A75D3-9552-4876-BBDC-ABDC6B099F4A}.DebugNoTimeout|x64.ActiveCfg = Debug|Any CPU
		{BB3A75D3-9552-4876-BBDC-ABDC6B099F4A}.DebugNoTimeout|x64.Build.0 = Debug|Any CPU
		{BB3A75D3-9552-4876-BBDC-ABDC6B099F4A}.DebugNoTimeout|x86.ActiveCfg = Debug|Any CPU
		{BB3A75D3-9552-4876-BBDC-ABDC6B099F4A}.DebugNoTimeout|x86.Build.0 = Debug|Any CPU
		{BB3A75D3-9552-4876-BBDC-ABDC6B099F4A}.Release|Any CPU.ActiveCfg = Release|Any CPU
		{BB3A75D3-9552-4876-BBDC-ABDC6B099F4A}.Release|Any CPU.Build.0 = Release|Any CPU
		{BB3A75D3-9552-4876-BBDC-ABDC6B099F4A}.Release|Mixed Platforms.ActiveCfg = Release|Any CPU
		{BB3A75D3-9552-4876-BBDC-ABDC6B099F4A}.Release|Mixed Platforms.Build.0 = Release|Any CPU
		{BB3A75D3-9552-4876-BBDC-ABDC6B099F4A}.Release|x64.ActiveCfg = Release|x64
		{BB3A75D3-9552-4876-BBDC-ABDC6B099F4A}.Release|x64.Build.0 = Release|x64
		{BB3A75D3-9552-4876-BBDC-ABDC6B099F4A}.Release|x86.ActiveCfg = Release|x86
		{BB3A75D3-9552-4876-BBDC-ABDC6B099F4A}.Release|x86.Build.0 = Release|x86
		{BB3A75D3-9552-4876-BBDC-ABDC6B099F4A}.ReleaseFW2|Any CPU.ActiveCfg = Release|Any CPU
		{BB3A75D3-9552-4876-BBDC-ABDC6B099F4A}.ReleaseFW2|Any CPU.Build.0 = Release|Any CPU
		{BB3A75D3-9552-4876-BBDC-ABDC6B099F4A}.ReleaseFW2|Mixed Platforms.ActiveCfg = Release|Any CPU
		{BB3A75D3-9552-4876-BBDC-ABDC6B099F4A}.ReleaseFW2|Mixed Platforms.Build.0 = Release|Any CPU
		{BB3A75D3-9552-4876-BBDC-ABDC6B099F4A}.ReleaseFW2|x64.ActiveCfg = Release|Any CPU
		{BB3A75D3-9552-4876-BBDC-ABDC6B099F4A}.ReleaseFW2|x64.Build.0 = Release|Any CPU
		{BB3A75D3-9552-4876-BBDC-ABDC6B099F4A}.ReleaseFW2|x86.ActiveCfg = Release|Any CPU
		{BB3A75D3-9552-4876-BBDC-ABDC6B099F4A}.ReleaseFW2|x86.Build.0 = Release|Any CPU
		{2F5F8C90-0BD1-424F-997C-7BC6280919D1}.Debug|Any CPU.ActiveCfg = Debug|Any CPU
		{2F5F8C90-0BD1-424F-997C-7BC6280919D1}.Debug|Any CPU.Build.0 = Debug|Any CPU
		{2F5F8C90-0BD1-424F-997C-7BC6280919D1}.Debug|Mixed Platforms.ActiveCfg = Debug|Any CPU
		{2F5F8C90-0BD1-424F-997C-7BC6280919D1}.Debug|Mixed Platforms.Build.0 = Debug|Any CPU
		{2F5F8C90-0BD1-424F-997C-7BC6280919D1}.Debug|x64.ActiveCfg = Debug|Any CPU
		{2F5F8C90-0BD1-424F-997C-7BC6280919D1}.Debug|x64.Build.0 = Debug|Any CPU
		{2F5F8C90-0BD1-424F-997C-7BC6280919D1}.Debug|x86.ActiveCfg = Debug|Any CPU
		{2F5F8C90-0BD1-424F-997C-7BC6280919D1}.Debug|x86.Build.0 = Debug|Any CPU
		{2F5F8C90-0BD1-424F-997C-7BC6280919D1}.DebugNoTimeout|Any CPU.ActiveCfg = Debug|Any CPU
		{2F5F8C90-0BD1-424F-997C-7BC6280919D1}.DebugNoTimeout|Any CPU.Build.0 = Debug|Any CPU
		{2F5F8C90-0BD1-424F-997C-7BC6280919D1}.DebugNoTimeout|Mixed Platforms.ActiveCfg = Debug|Any CPU
		{2F5F8C90-0BD1-424F-997C-7BC6280919D1}.DebugNoTimeout|Mixed Platforms.Build.0 = Debug|Any CPU
		{2F5F8C90-0BD1-424F-997C-7BC6280919D1}.DebugNoTimeout|x64.ActiveCfg = Debug|Any CPU
		{2F5F8C90-0BD1-424F-997C-7BC6280919D1}.DebugNoTimeout|x64.Build.0 = Debug|Any CPU
		{2F5F8C90-0BD1-424F-997C-7BC6280919D1}.DebugNoTimeout|x86.ActiveCfg = Debug|Any CPU
		{2F5F8C90-0BD1-424F-997C-7BC6280919D1}.DebugNoTimeout|x86.Build.0 = Debug|Any CPU
		{2F5F8C90-0BD1-424F-997C-7BC6280919D1}.Release|Any CPU.ActiveCfg = Release|Any CPU
		{2F5F8C90-0BD1-424F-997C-7BC6280919D1}.Release|Any CPU.Build.0 = Release|Any CPU
		{2F5F8C90-0BD1-424F-997C-7BC6280919D1}.Release|Mixed Platforms.ActiveCfg = Release|Any CPU
		{2F5F8C90-0BD1-424F-997C-7BC6280919D1}.Release|Mixed Platforms.Build.0 = Release|Any CPU
		{2F5F8C90-0BD1-424F-997C-7BC6280919D1}.Release|x64.ActiveCfg = Release|x64
		{2F5F8C90-0BD1-424F-997C-7BC6280919D1}.Release|x64.Build.0 = Release|x64
		{2F5F8C90-0BD1-424F-997C-7BC6280919D1}.Release|x86.ActiveCfg = Release|x86
		{2F5F8C90-0BD1-424F-997C-7BC6280919D1}.Release|x86.Build.0 = Release|x86
		{2F5F8C90-0BD1-424F-997C-7BC6280919D1}.ReleaseFW2|Any CPU.ActiveCfg = Release|Any CPU
		{2F5F8C90-0BD1-424F-997C-7BC6280919D1}.ReleaseFW2|Any CPU.Build.0 = Release|Any CPU
		{2F5F8C90-0BD1-424F-997C-7BC6280919D1}.ReleaseFW2|Mixed Platforms.ActiveCfg = Release|Any CPU
		{2F5F8C90-0BD1-424F-997C-7BC6280919D1}.ReleaseFW2|Mixed Platforms.Build.0 = Release|Any CPU
		{2F5F8C90-0BD1-424F-997C-7BC6280919D1}.ReleaseFW2|x64.ActiveCfg = Release|Any CPU
		{2F5F8C90-0BD1-424F-997C-7BC6280919D1}.ReleaseFW2|x64.Build.0 = Release|Any CPU
		{2F5F8C90-0BD1-424F-997C-7BC6280919D1}.ReleaseFW2|x86.ActiveCfg = Release|Any CPU
		{2F5F8C90-0BD1-424F-997C-7BC6280919D1}.ReleaseFW2|x86.Build.0 = Release|Any CPU
		{B592BD5C-D090-444E-9931-5FC45E30B887}.Debug|Any CPU.ActiveCfg = Debug|Any CPU
		{B592BD5C-D090-444E-9931-5FC45E30B887}.Debug|Any CPU.Build.0 = Debug|Any CPU
		{B592BD5C-D090-444E-9931-5FC45E30B887}.Debug|Mixed Platforms.ActiveCfg = Debug|Any CPU
		{B592BD5C-D090-444E-9931-5FC45E30B887}.Debug|Mixed Platforms.Build.0 = Debug|Any CPU
		{B592BD5C-D090-444E-9931-5FC45E30B887}.Debug|x64.ActiveCfg = Debug|Any CPU
		{B592BD5C-D090-444E-9931-5FC45E30B887}.Debug|x64.Build.0 = Debug|Any CPU
		{B592BD5C-D090-444E-9931-5FC45E30B887}.Debug|x86.ActiveCfg = Debug|Any CPU
		{B592BD5C-D090-444E-9931-5FC45E30B887}.Debug|x86.Build.0 = Debug|Any CPU
		{B592BD5C-D090-444E-9931-5FC45E30B887}.DebugNoTimeout|Any CPU.ActiveCfg = Debug|Any CPU
		{B592BD5C-D090-444E-9931-5FC45E30B887}.DebugNoTimeout|Any CPU.Build.0 = Debug|Any CPU
		{B592BD5C-D090-444E-9931-5FC45E30B887}.DebugNoTimeout|Mixed Platforms.ActiveCfg = Debug|Any CPU
		{B592BD5C-D090-444E-9931-5FC45E30B887}.DebugNoTimeout|Mixed Platforms.Build.0 = Debug|Any CPU
		{B592BD5C-D090-444E-9931-5FC45E30B887}.DebugNoTimeout|x64.ActiveCfg = Debug|Any CPU
		{B592BD5C-D090-444E-9931-5FC45E30B887}.DebugNoTimeout|x64.Build.0 = Debug|Any CPU
		{B592BD5C-D090-444E-9931-5FC45E30B887}.DebugNoTimeout|x86.ActiveCfg = Debug|Any CPU
		{B592BD5C-D090-444E-9931-5FC45E30B887}.DebugNoTimeout|x86.Build.0 = Debug|Any CPU
		{B592BD5C-D090-444E-9931-5FC45E30B887}.Release|Any CPU.ActiveCfg = Release|Any CPU
		{B592BD5C-D090-444E-9931-5FC45E30B887}.Release|Any CPU.Build.0 = Release|Any CPU
		{B592BD5C-D090-444E-9931-5FC45E30B887}.Release|Mixed Platforms.ActiveCfg = Release|Any CPU
		{B592BD5C-D090-444E-9931-5FC45E30B887}.Release|Mixed Platforms.Build.0 = Release|Any CPU
		{B592BD5C-D090-444E-9931-5FC45E30B887}.Release|x64.ActiveCfg = Release|x64
		{B592BD5C-D090-444E-9931-5FC45E30B887}.Release|x64.Build.0 = Release|x64
		{B592BD5C-D090-444E-9931-5FC45E30B887}.Release|x86.ActiveCfg = Release|x86
		{B592BD5C-D090-444E-9931-5FC45E30B887}.Release|x86.Build.0 = Release|x86
		{B592BD5C-D090-444E-9931-5FC45E30B887}.ReleaseFW2|Any CPU.ActiveCfg = Release|Any CPU
		{B592BD5C-D090-444E-9931-5FC45E30B887}.ReleaseFW2|Any CPU.Build.0 = Release|Any CPU
		{B592BD5C-D090-444E-9931-5FC45E30B887}.ReleaseFW2|Mixed Platforms.ActiveCfg = Release|Any CPU
		{B592BD5C-D090-444E-9931-5FC45E30B887}.ReleaseFW2|Mixed Platforms.Build.0 = Release|Any CPU
		{B592BD5C-D090-444E-9931-5FC45E30B887}.ReleaseFW2|x64.ActiveCfg = Release|Any CPU
		{B592BD5C-D090-444E-9931-5FC45E30B887}.ReleaseFW2|x64.Build.0 = Release|Any CPU
		{B592BD5C-D090-444E-9931-5FC45E30B887}.ReleaseFW2|x86.ActiveCfg = Release|Any CPU
		{B592BD5C-D090-444E-9931-5FC45E30B887}.ReleaseFW2|x86.Build.0 = Release|Any CPU
		{1B5533B8-DFCD-4F19-9EAB-438633E7C00B}.Debug|Any CPU.ActiveCfg = Debug|Any CPU
		{1B5533B8-DFCD-4F19-9EAB-438633E7C00B}.Debug|Any CPU.Build.0 = Debug|Any CPU
		{1B5533B8-DFCD-4F19-9EAB-438633E7C00B}.Debug|Mixed Platforms.ActiveCfg = Debug|Any CPU
		{1B5533B8-DFCD-4F19-9EAB-438633E7C00B}.Debug|Mixed Platforms.Build.0 = Debug|Any CPU
		{1B5533B8-DFCD-4F19-9EAB-438633E7C00B}.Debug|x64.ActiveCfg = Debug|Any CPU
		{1B5533B8-DFCD-4F19-9EAB-438633E7C00B}.Debug|x64.Build.0 = Debug|Any CPU
		{1B5533B8-DFCD-4F19-9EAB-438633E7C00B}.Debug|x86.ActiveCfg = Debug|Any CPU
		{1B5533B8-DFCD-4F19-9EAB-438633E7C00B}.Debug|x86.Build.0 = Debug|Any CPU
		{1B5533B8-DFCD-4F19-9EAB-438633E7C00B}.DebugNoTimeout|Any CPU.ActiveCfg = Debug|Any CPU
		{1B5533B8-DFCD-4F19-9EAB-438633E7C00B}.DebugNoTimeout|Any CPU.Build.0 = Debug|Any CPU
		{1B5533B8-DFCD-4F19-9EAB-438633E7C00B}.DebugNoTimeout|Mixed Platforms.ActiveCfg = Debug|Any CPU
		{1B5533B8-DFCD-4F19-9EAB-438633E7C00B}.DebugNoTimeout|Mixed Platforms.Build.0 = Debug|Any CPU
		{1B5533B8-DFCD-4F19-9EAB-438633E7C00B}.DebugNoTimeout|x64.ActiveCfg = Debug|Any CPU
		{1B5533B8-DFCD-4F19-9EAB-438633E7C00B}.DebugNoTimeout|x64.Build.0 = Debug|Any CPU
		{1B5533B8-DFCD-4F19-9EAB-438633E7C00B}.DebugNoTimeout|x86.ActiveCfg = Debug|Any CPU
		{1B5533B8-DFCD-4F19-9EAB-438633E7C00B}.DebugNoTimeout|x86.Build.0 = Debug|Any CPU
		{1B5533B8-DFCD-4F19-9EAB-438633E7C00B}.Release|Any CPU.ActiveCfg = Release|Any CPU
		{1B5533B8-DFCD-4F19-9EAB-438633E7C00B}.Release|Any CPU.Build.0 = Release|Any CPU
		{1B5533B8-DFCD-4F19-9EAB-438633E7C00B}.Release|Mixed Platforms.ActiveCfg = Release|Any CPU
		{1B5533B8-DFCD-4F19-9EAB-438633E7C00B}.Release|Mixed Platforms.Build.0 = Release|Any CPU
		{1B5533B8-DFCD-4F19-9EAB-438633E7C00B}.Release|x64.ActiveCfg = Release|x64
		{1B5533B8-DFCD-4F19-9EAB-438633E7C00B}.Release|x64.Build.0 = Release|x64
		{1B5533B8-DFCD-4F19-9EAB-438633E7C00B}.Release|x86.ActiveCfg = Release|x86
		{1B5533B8-DFCD-4F19-9EAB-438633E7C00B}.Release|x86.Build.0 = Release|x86
		{1B5533B8-DFCD-4F19-9EAB-438633E7C00B}.ReleaseFW2|Any CPU.ActiveCfg = Release|Any CPU
		{1B5533B8-DFCD-4F19-9EAB-438633E7C00B}.ReleaseFW2|Any CPU.Build.0 = Release|Any CPU
		{1B5533B8-DFCD-4F19-9EAB-438633E7C00B}.ReleaseFW2|Mixed Platforms.ActiveCfg = Release|Any CPU
		{1B5533B8-DFCD-4F19-9EAB-438633E7C00B}.ReleaseFW2|Mixed Platforms.Build.0 = Release|Any CPU
		{1B5533B8-DFCD-4F19-9EAB-438633E7C00B}.ReleaseFW2|x64.ActiveCfg = Release|Any CPU
		{1B5533B8-DFCD-4F19-9EAB-438633E7C00B}.ReleaseFW2|x64.Build.0 = Release|Any CPU
		{1B5533B8-DFCD-4F19-9EAB-438633E7C00B}.ReleaseFW2|x86.ActiveCfg = Release|Any CPU
		{1B5533B8-DFCD-4F19-9EAB-438633E7C00B}.ReleaseFW2|x86.Build.0 = Release|Any CPU
		{DB6C6262-47AA-4CA1-8D98-0C2525AD5074}.Debug|Any CPU.ActiveCfg = Debug|x86
		{DB6C6262-47AA-4CA1-8D98-0C2525AD5074}.Debug|Mixed Platforms.ActiveCfg = Debug|x86
		{DB6C6262-47AA-4CA1-8D98-0C2525AD5074}.Debug|Mixed Platforms.Build.0 = Debug|x86
		{DB6C6262-47AA-4CA1-8D98-0C2525AD5074}.Debug|x64.ActiveCfg = Debug|x64
		{DB6C6262-47AA-4CA1-8D98-0C2525AD5074}.Debug|x64.Build.0 = Debug|x64
		{DB6C6262-47AA-4CA1-8D98-0C2525AD5074}.Debug|x86.ActiveCfg = Debug|x86
		{DB6C6262-47AA-4CA1-8D98-0C2525AD5074}.Debug|x86.Build.0 = Debug|x86
		{DB6C6262-47AA-4CA1-8D98-0C2525AD5074}.DebugNoTimeout|Any CPU.ActiveCfg = Release|x64
		{DB6C6262-47AA-4CA1-8D98-0C2525AD5074}.DebugNoTimeout|Any CPU.Build.0 = Release|x64
		{DB6C6262-47AA-4CA1-8D98-0C2525AD5074}.DebugNoTimeout|Mixed Platforms.ActiveCfg = Debug|x86
		{DB6C6262-47AA-4CA1-8D98-0C2525AD5074}.DebugNoTimeout|Mixed Platforms.Build.0 = Debug|x86
		{DB6C6262-47AA-4CA1-8D98-0C2525AD5074}.DebugNoTimeout|x64.ActiveCfg = Debug|x64
		{DB6C6262-47AA-4CA1-8D98-0C2525AD5074}.DebugNoTimeout|x64.Build.0 = Debug|x64
		{DB6C6262-47AA-4CA1-8D98-0C2525AD5074}.DebugNoTimeout|x86.ActiveCfg = Debug|x86
		{DB6C6262-47AA-4CA1-8D98-0C2525AD5074}.DebugNoTimeout|x86.Build.0 = Debug|x86
		{DB6C6262-47AA-4CA1-8D98-0C2525AD5074}.Release|Any CPU.ActiveCfg = Release|x86
		{DB6C6262-47AA-4CA1-8D98-0C2525AD5074}.Release|Mixed Platforms.ActiveCfg = Release|x86
		{DB6C6262-47AA-4CA1-8D98-0C2525AD5074}.Release|Mixed Platforms.Build.0 = Release|x86
		{DB6C6262-47AA-4CA1-8D98-0C2525AD5074}.Release|x64.ActiveCfg = Release|x64
		{DB6C6262-47AA-4CA1-8D98-0C2525AD5074}.Release|x64.Build.0 = Release|x64
		{DB6C6262-47AA-4CA1-8D98-0C2525AD5074}.Release|x86.ActiveCfg = Release|x86
		{DB6C6262-47AA-4CA1-8D98-0C2525AD5074}.Release|x86.Build.0 = Release|x86
		{DB6C6262-47AA-4CA1-8D98-0C2525AD5074}.ReleaseFW2|Any CPU.ActiveCfg = Release|x64
		{DB6C6262-47AA-4CA1-8D98-0C2525AD5074}.ReleaseFW2|Any CPU.Build.0 = Release|x64
		{DB6C6262-47AA-4CA1-8D98-0C2525AD5074}.ReleaseFW2|Mixed Platforms.ActiveCfg = Release|x86
		{DB6C6262-47AA-4CA1-8D98-0C2525AD5074}.ReleaseFW2|Mixed Platforms.Build.0 = Release|x86
		{DB6C6262-47AA-4CA1-8D98-0C2525AD5074}.ReleaseFW2|x64.ActiveCfg = Release|x64
		{DB6C6262-47AA-4CA1-8D98-0C2525AD5074}.ReleaseFW2|x64.Build.0 = Release|x64
		{DB6C6262-47AA-4CA1-8D98-0C2525AD5074}.ReleaseFW2|x86.ActiveCfg = Release|x86
		{DB6C6262-47AA-4CA1-8D98-0C2525AD5074}.ReleaseFW2|x86.Build.0 = Release|x86
		{9552311D-F6B4-43F6-8859-7C3B41A4311D}.Debug|Any CPU.ActiveCfg = Debug|x86
		{9552311D-F6B4-43F6-8859-7C3B41A4311D}.Debug|Mixed Platforms.ActiveCfg = Debug|x86
		{9552311D-F6B4-43F6-8859-7C3B41A4311D}.Debug|Mixed Platforms.Build.0 = Debug|x86
		{9552311D-F6B4-43F6-8859-7C3B41A4311D}.Debug|x64.ActiveCfg = Debug|x86
		{9552311D-F6B4-43F6-8859-7C3B41A4311D}.Debug|x86.ActiveCfg = Debug|x86
		{9552311D-F6B4-43F6-8859-7C3B41A4311D}.Debug|x86.Build.0 = Debug|x86
		{9552311D-F6B4-43F6-8859-7C3B41A4311D}.DebugNoTimeout|Any CPU.ActiveCfg = Release|x86
		{9552311D-F6B4-43F6-8859-7C3B41A4311D}.DebugNoTimeout|Any CPU.Build.0 = Release|x86
		{9552311D-F6B4-43F6-8859-7C3B41A4311D}.DebugNoTimeout|Mixed Platforms.ActiveCfg = Debug|x86
		{9552311D-F6B4-43F6-8859-7C3B41A4311D}.DebugNoTimeout|Mixed Platforms.Build.0 = Debug|x86
		{9552311D-F6B4-43F6-8859-7C3B41A4311D}.DebugNoTimeout|x64.ActiveCfg = Release|x86
		{9552311D-F6B4-43F6-8859-7C3B41A4311D}.DebugNoTimeout|x64.Build.0 = Release|x86
		{9552311D-F6B4-43F6-8859-7C3B41A4311D}.DebugNoTimeout|x86.ActiveCfg = Debug|x86
		{9552311D-F6B4-43F6-8859-7C3B41A4311D}.DebugNoTimeout|x86.Build.0 = Debug|x86
		{9552311D-F6B4-43F6-8859-7C3B41A4311D}.Release|Any CPU.ActiveCfg = Release|x86
		{9552311D-F6B4-43F6-8859-7C3B41A4311D}.Release|Mixed Platforms.ActiveCfg = Release|x86
		{9552311D-F6B4-43F6-8859-7C3B41A4311D}.Release|Mixed Platforms.Build.0 = Release|x86
		{9552311D-F6B4-43F6-8859-7C3B41A4311D}.Release|x64.ActiveCfg = Release|x86
		{9552311D-F6B4-43F6-8859-7C3B41A4311D}.Release|x86.ActiveCfg = Release|x86
		{9552311D-F6B4-43F6-8859-7C3B41A4311D}.Release|x86.Build.0 = Release|x86
		{9552311D-F6B4-43F6-8859-7C3B41A4311D}.ReleaseFW2|Any CPU.ActiveCfg = Release|x86
		{9552311D-F6B4-43F6-8859-7C3B41A4311D}.ReleaseFW2|Any CPU.Build.0 = Release|x86
		{9552311D-F6B4-43F6-8859-7C3B41A4311D}.ReleaseFW2|Mixed Platforms.ActiveCfg = Release|x86
		{9552311D-F6B4-43F6-8859-7C3B41A4311D}.ReleaseFW2|Mixed Platforms.Build.0 = Release|x86
		{9552311D-F6B4-43F6-8859-7C3B41A4311D}.ReleaseFW2|x64.ActiveCfg = Release|x86
		{9552311D-F6B4-43F6-8859-7C3B41A4311D}.ReleaseFW2|x64.Build.0 = Release|x86
		{9552311D-F6B4-43F6-8859-7C3B41A4311D}.ReleaseFW2|x86.ActiveCfg = Release|x86
		{9552311D-F6B4-43F6-8859-7C3B41A4311D}.ReleaseFW2|x86.Build.0 = Release|x86
	EndGlobalSection
	GlobalSection(SolutionProperties) = preSolution
		HideSolutionNode = FALSE
	EndGlobalSection
	GlobalSection(ExtensibilityGlobals) = postSolution
		SolutionGuid = {3E6932A7-F327-4800-B7A7-EDCF6ED135BB}
	EndGlobalSection
EndGlobal
=======
﻿
Microsoft Visual Studio Solution File, Format Version 12.00
# Visual Studio 14
VisualStudioVersion = 14.0.24720.0
MinimumVisualStudioVersion = 10.0.40219.1
Project("{FAE04EC0-301F-11D3-BF4B-00C04F79EFBC}") = "Sshfs", "Sshfs\Sshfs.csproj", "{FF4FC8BB-91A3-45FF-8449-650647610394}"
EndProject
Project("{FAE04EC0-301F-11D3-BF4B-00C04F79EFBC}") = "FSTester", "FSTester\FSTester.csproj", "{1B5533B8-DFCD-4F19-9EAB-438633E7C00B}"
EndProject
Project("{FAE04EC0-301F-11D3-BF4B-00C04F79EFBC}") = "Renci.SshNet", "..\SSH.NET\src\Renci.SshNet\Renci.SshNet.csproj", "{2F5F8C90-0BD1-424F-997C-7BC6280919D1}"
EndProject
Project("{FAE04EC0-301F-11D3-BF4B-00C04F79EFBC}") = "testclient", "testclient\testclient.csproj", "{F270FC5C-8E30-4770-A0AF-D048D4DCDF88}"
EndProject
Project("{FAE04EC0-301F-11D3-BF4B-00C04F79EFBC}") = "FiSSHBone", "FiSSHBone\FiSSHBone.csproj", "{8AAEC127-624E-4298-B32D-250888E402F3}"
EndProject
Project("{FAE04EC0-301F-11D3-BF4B-00C04F79EFBC}") = "GUI", "GUI\WindowsFormsApplication2\GUI.csproj", "{715AAC89-346A-4CBC-BC89-10B56AEF7AAB}"
EndProject
Project("{FAE04EC0-301F-11D3-BF4B-00C04F79EFBC}") = "fissh_cmdline_interface", "cmd_interface\fissh_cmdline_interface\fissh_cmdline_interface.csproj", "{C6B56944-02CD-44F8-9711-455A6BF56C2F}"
EndProject
Global
	GlobalSection(SolutionConfigurationPlatforms) = preSolution
		Debug|Any CPU = Debug|Any CPU
		Debug|Mixed Platforms = Debug|Mixed Platforms
		Debug|x64 = Debug|x64
		Debug|x86 = Debug|x86
		DebugNoTimeout|Any CPU = DebugNoTimeout|Any CPU
		DebugNoTimeout|Mixed Platforms = DebugNoTimeout|Mixed Platforms
		DebugNoTimeout|x64 = DebugNoTimeout|x64
		DebugNoTimeout|x86 = DebugNoTimeout|x86
		Release|Any CPU = Release|Any CPU
		Release|Mixed Platforms = Release|Mixed Platforms
		Release|x64 = Release|x64
		Release|x86 = Release|x86
		ReleaseFW2|Any CPU = ReleaseFW2|Any CPU
		ReleaseFW2|Mixed Platforms = ReleaseFW2|Mixed Platforms
		ReleaseFW2|x64 = ReleaseFW2|x64
		ReleaseFW2|x86 = ReleaseFW2|x86
	EndGlobalSection
	GlobalSection(ProjectConfigurationPlatforms) = postSolution
		{FF4FC8BB-91A3-45FF-8449-650647610394}.Debug|Any CPU.ActiveCfg = Debug|x86
		{FF4FC8BB-91A3-45FF-8449-650647610394}.Debug|Any CPU.Build.0 = Debug|x86
		{FF4FC8BB-91A3-45FF-8449-650647610394}.Debug|Mixed Platforms.ActiveCfg = Debug|x86
		{FF4FC8BB-91A3-45FF-8449-650647610394}.Debug|Mixed Platforms.Build.0 = Debug|x86
		{FF4FC8BB-91A3-45FF-8449-650647610394}.Debug|x64.ActiveCfg = Debug|x64
		{FF4FC8BB-91A3-45FF-8449-650647610394}.Debug|x64.Build.0 = Debug|x64
		{FF4FC8BB-91A3-45FF-8449-650647610394}.Debug|x86.ActiveCfg = Debug|x86
		{FF4FC8BB-91A3-45FF-8449-650647610394}.Debug|x86.Build.0 = Debug|x86
		{FF4FC8BB-91A3-45FF-8449-650647610394}.DebugNoTimeout|Any CPU.ActiveCfg = Debug|x86
		{FF4FC8BB-91A3-45FF-8449-650647610394}.DebugNoTimeout|Mixed Platforms.ActiveCfg = Debug|x86
		{FF4FC8BB-91A3-45FF-8449-650647610394}.DebugNoTimeout|Mixed Platforms.Build.0 = Debug|x86
		{FF4FC8BB-91A3-45FF-8449-650647610394}.DebugNoTimeout|x64.ActiveCfg = Debug|x64
		{FF4FC8BB-91A3-45FF-8449-650647610394}.DebugNoTimeout|x64.Build.0 = Debug|x64
		{FF4FC8BB-91A3-45FF-8449-650647610394}.DebugNoTimeout|x86.ActiveCfg = Debug|x86
		{FF4FC8BB-91A3-45FF-8449-650647610394}.DebugNoTimeout|x86.Build.0 = Debug|x86
		{FF4FC8BB-91A3-45FF-8449-650647610394}.Release|Any CPU.ActiveCfg = Release|x86
		{FF4FC8BB-91A3-45FF-8449-650647610394}.Release|Mixed Platforms.ActiveCfg = Release|x86
		{FF4FC8BB-91A3-45FF-8449-650647610394}.Release|Mixed Platforms.Build.0 = Release|x86
		{FF4FC8BB-91A3-45FF-8449-650647610394}.Release|x64.ActiveCfg = Release|x64
		{FF4FC8BB-91A3-45FF-8449-650647610394}.Release|x64.Build.0 = Release|x64
		{FF4FC8BB-91A3-45FF-8449-650647610394}.Release|x86.ActiveCfg = Release|x86
		{FF4FC8BB-91A3-45FF-8449-650647610394}.Release|x86.Build.0 = Release|x86
		{FF4FC8BB-91A3-45FF-8449-650647610394}.ReleaseFW2|Any CPU.ActiveCfg = Release|x86
		{FF4FC8BB-91A3-45FF-8449-650647610394}.ReleaseFW2|Mixed Platforms.ActiveCfg = Release|x86
		{FF4FC8BB-91A3-45FF-8449-650647610394}.ReleaseFW2|Mixed Platforms.Build.0 = Release|x86
		{FF4FC8BB-91A3-45FF-8449-650647610394}.ReleaseFW2|x64.ActiveCfg = Release|x64
		{FF4FC8BB-91A3-45FF-8449-650647610394}.ReleaseFW2|x64.Build.0 = Release|x64
		{FF4FC8BB-91A3-45FF-8449-650647610394}.ReleaseFW2|x86.ActiveCfg = Release|x86
		{FF4FC8BB-91A3-45FF-8449-650647610394}.ReleaseFW2|x86.Build.0 = Release|x86
		{1B5533B8-DFCD-4F19-9EAB-438633E7C00B}.Debug|Any CPU.ActiveCfg = Debug|Any CPU
		{1B5533B8-DFCD-4F19-9EAB-438633E7C00B}.Debug|Any CPU.Build.0 = Debug|Any CPU
		{1B5533B8-DFCD-4F19-9EAB-438633E7C00B}.Debug|Mixed Platforms.ActiveCfg = Debug|Any CPU
		{1B5533B8-DFCD-4F19-9EAB-438633E7C00B}.Debug|Mixed Platforms.Build.0 = Debug|Any CPU
		{1B5533B8-DFCD-4F19-9EAB-438633E7C00B}.Debug|x64.ActiveCfg = Debug|Any CPU
		{1B5533B8-DFCD-4F19-9EAB-438633E7C00B}.Debug|x64.Build.0 = Debug|Any CPU
		{1B5533B8-DFCD-4F19-9EAB-438633E7C00B}.Debug|x86.ActiveCfg = Debug|Any CPU
		{1B5533B8-DFCD-4F19-9EAB-438633E7C00B}.Debug|x86.Build.0 = Debug|Any CPU
		{1B5533B8-DFCD-4F19-9EAB-438633E7C00B}.DebugNoTimeout|Any CPU.ActiveCfg = Debug|Any CPU
		{1B5533B8-DFCD-4F19-9EAB-438633E7C00B}.DebugNoTimeout|Any CPU.Build.0 = Debug|Any CPU
		{1B5533B8-DFCD-4F19-9EAB-438633E7C00B}.DebugNoTimeout|Mixed Platforms.ActiveCfg = Debug|Any CPU
		{1B5533B8-DFCD-4F19-9EAB-438633E7C00B}.DebugNoTimeout|Mixed Platforms.Build.0 = Debug|Any CPU
		{1B5533B8-DFCD-4F19-9EAB-438633E7C00B}.DebugNoTimeout|x64.ActiveCfg = Debug|Any CPU
		{1B5533B8-DFCD-4F19-9EAB-438633E7C00B}.DebugNoTimeout|x64.Build.0 = Debug|Any CPU
		{1B5533B8-DFCD-4F19-9EAB-438633E7C00B}.DebugNoTimeout|x86.ActiveCfg = Debug|Any CPU
		{1B5533B8-DFCD-4F19-9EAB-438633E7C00B}.DebugNoTimeout|x86.Build.0 = Debug|Any CPU
		{1B5533B8-DFCD-4F19-9EAB-438633E7C00B}.Release|Any CPU.ActiveCfg = Release|Any CPU
		{1B5533B8-DFCD-4F19-9EAB-438633E7C00B}.Release|Any CPU.Build.0 = Release|Any CPU
		{1B5533B8-DFCD-4F19-9EAB-438633E7C00B}.Release|Mixed Platforms.ActiveCfg = Release|Any CPU
		{1B5533B8-DFCD-4F19-9EAB-438633E7C00B}.Release|Mixed Platforms.Build.0 = Release|Any CPU
		{1B5533B8-DFCD-4F19-9EAB-438633E7C00B}.Release|x64.ActiveCfg = Release|Any CPU
		{1B5533B8-DFCD-4F19-9EAB-438633E7C00B}.Release|x64.Build.0 = Release|Any CPU
		{1B5533B8-DFCD-4F19-9EAB-438633E7C00B}.Release|x86.ActiveCfg = Release|Any CPU
		{1B5533B8-DFCD-4F19-9EAB-438633E7C00B}.Release|x86.Build.0 = Release|Any CPU
		{1B5533B8-DFCD-4F19-9EAB-438633E7C00B}.ReleaseFW2|Any CPU.ActiveCfg = Release|Any CPU
		{1B5533B8-DFCD-4F19-9EAB-438633E7C00B}.ReleaseFW2|Any CPU.Build.0 = Release|Any CPU
		{1B5533B8-DFCD-4F19-9EAB-438633E7C00B}.ReleaseFW2|Mixed Platforms.ActiveCfg = Release|Any CPU
		{1B5533B8-DFCD-4F19-9EAB-438633E7C00B}.ReleaseFW2|Mixed Platforms.Build.0 = Release|Any CPU
		{1B5533B8-DFCD-4F19-9EAB-438633E7C00B}.ReleaseFW2|x64.ActiveCfg = Release|Any CPU
		{1B5533B8-DFCD-4F19-9EAB-438633E7C00B}.ReleaseFW2|x64.Build.0 = Release|Any CPU
		{1B5533B8-DFCD-4F19-9EAB-438633E7C00B}.ReleaseFW2|x86.ActiveCfg = Release|Any CPU
		{1B5533B8-DFCD-4F19-9EAB-438633E7C00B}.ReleaseFW2|x86.Build.0 = Release|Any CPU
		{2F5F8C90-0BD1-424F-997C-7BC6280919D1}.Debug|Any CPU.ActiveCfg = Debug|Any CPU
		{2F5F8C90-0BD1-424F-997C-7BC6280919D1}.Debug|Any CPU.Build.0 = Debug|Any CPU
		{2F5F8C90-0BD1-424F-997C-7BC6280919D1}.Debug|Mixed Platforms.ActiveCfg = Debug|Any CPU
		{2F5F8C90-0BD1-424F-997C-7BC6280919D1}.Debug|Mixed Platforms.Build.0 = Debug|Any CPU
		{2F5F8C90-0BD1-424F-997C-7BC6280919D1}.Debug|x64.ActiveCfg = Debug|Any CPU
		{2F5F8C90-0BD1-424F-997C-7BC6280919D1}.Debug|x64.Build.0 = Debug|Any CPU
		{2F5F8C90-0BD1-424F-997C-7BC6280919D1}.Debug|x86.ActiveCfg = Debug|Any CPU
		{2F5F8C90-0BD1-424F-997C-7BC6280919D1}.Debug|x86.Build.0 = Debug|Any CPU
		{2F5F8C90-0BD1-424F-997C-7BC6280919D1}.DebugNoTimeout|Any CPU.ActiveCfg = Debug|Any CPU
		{2F5F8C90-0BD1-424F-997C-7BC6280919D1}.DebugNoTimeout|Any CPU.Build.0 = Debug|Any CPU
		{2F5F8C90-0BD1-424F-997C-7BC6280919D1}.DebugNoTimeout|Mixed Platforms.ActiveCfg = Debug|Any CPU
		{2F5F8C90-0BD1-424F-997C-7BC6280919D1}.DebugNoTimeout|Mixed Platforms.Build.0 = Debug|Any CPU
		{2F5F8C90-0BD1-424F-997C-7BC6280919D1}.DebugNoTimeout|x64.ActiveCfg = Debug|Any CPU
		{2F5F8C90-0BD1-424F-997C-7BC6280919D1}.DebugNoTimeout|x64.Build.0 = Debug|Any CPU
		{2F5F8C90-0BD1-424F-997C-7BC6280919D1}.DebugNoTimeout|x86.ActiveCfg = Debug|Any CPU
		{2F5F8C90-0BD1-424F-997C-7BC6280919D1}.DebugNoTimeout|x86.Build.0 = Debug|Any CPU
		{2F5F8C90-0BD1-424F-997C-7BC6280919D1}.Release|Any CPU.ActiveCfg = Release|Any CPU
		{2F5F8C90-0BD1-424F-997C-7BC6280919D1}.Release|Any CPU.Build.0 = Release|Any CPU
		{2F5F8C90-0BD1-424F-997C-7BC6280919D1}.Release|Mixed Platforms.ActiveCfg = Release|Any CPU
		{2F5F8C90-0BD1-424F-997C-7BC6280919D1}.Release|Mixed Platforms.Build.0 = Release|Any CPU
		{2F5F8C90-0BD1-424F-997C-7BC6280919D1}.Release|x64.ActiveCfg = Release|Any CPU
		{2F5F8C90-0BD1-424F-997C-7BC6280919D1}.Release|x64.Build.0 = Release|Any CPU
		{2F5F8C90-0BD1-424F-997C-7BC6280919D1}.Release|x86.ActiveCfg = Release|Any CPU
		{2F5F8C90-0BD1-424F-997C-7BC6280919D1}.Release|x86.Build.0 = Release|Any CPU
		{2F5F8C90-0BD1-424F-997C-7BC6280919D1}.ReleaseFW2|Any CPU.ActiveCfg = Release|Any CPU
		{2F5F8C90-0BD1-424F-997C-7BC6280919D1}.ReleaseFW2|Any CPU.Build.0 = Release|Any CPU
		{2F5F8C90-0BD1-424F-997C-7BC6280919D1}.ReleaseFW2|Mixed Platforms.ActiveCfg = Release|Any CPU
		{2F5F8C90-0BD1-424F-997C-7BC6280919D1}.ReleaseFW2|Mixed Platforms.Build.0 = Release|Any CPU
		{2F5F8C90-0BD1-424F-997C-7BC6280919D1}.ReleaseFW2|x64.ActiveCfg = Release|Any CPU
		{2F5F8C90-0BD1-424F-997C-7BC6280919D1}.ReleaseFW2|x64.Build.0 = Release|Any CPU
		{2F5F8C90-0BD1-424F-997C-7BC6280919D1}.ReleaseFW2|x86.ActiveCfg = Release|Any CPU
		{2F5F8C90-0BD1-424F-997C-7BC6280919D1}.ReleaseFW2|x86.Build.0 = Release|Any CPU
		{F270FC5C-8E30-4770-A0AF-D048D4DCDF88}.Debug|Any CPU.ActiveCfg = Debug|Any CPU
		{F270FC5C-8E30-4770-A0AF-D048D4DCDF88}.Debug|Any CPU.Build.0 = Debug|Any CPU
		{F270FC5C-8E30-4770-A0AF-D048D4DCDF88}.Debug|Mixed Platforms.ActiveCfg = Debug|Any CPU
		{F270FC5C-8E30-4770-A0AF-D048D4DCDF88}.Debug|Mixed Platforms.Build.0 = Debug|Any CPU
		{F270FC5C-8E30-4770-A0AF-D048D4DCDF88}.Debug|x64.ActiveCfg = Debug|Any CPU
		{F270FC5C-8E30-4770-A0AF-D048D4DCDF88}.Debug|x86.ActiveCfg = Debug|Any CPU
		{F270FC5C-8E30-4770-A0AF-D048D4DCDF88}.DebugNoTimeout|Any CPU.ActiveCfg = Debug|Any CPU
		{F270FC5C-8E30-4770-A0AF-D048D4DCDF88}.DebugNoTimeout|Any CPU.Build.0 = Debug|Any CPU
		{F270FC5C-8E30-4770-A0AF-D048D4DCDF88}.DebugNoTimeout|Mixed Platforms.ActiveCfg = Debug|Any CPU
		{F270FC5C-8E30-4770-A0AF-D048D4DCDF88}.DebugNoTimeout|Mixed Platforms.Build.0 = Debug|Any CPU
		{F270FC5C-8E30-4770-A0AF-D048D4DCDF88}.DebugNoTimeout|x64.ActiveCfg = Debug|Any CPU
		{F270FC5C-8E30-4770-A0AF-D048D4DCDF88}.DebugNoTimeout|x86.ActiveCfg = Debug|Any CPU
		{F270FC5C-8E30-4770-A0AF-D048D4DCDF88}.Release|Any CPU.ActiveCfg = Release|Any CPU
		{F270FC5C-8E30-4770-A0AF-D048D4DCDF88}.Release|Any CPU.Build.0 = Release|Any CPU
		{F270FC5C-8E30-4770-A0AF-D048D4DCDF88}.Release|Mixed Platforms.ActiveCfg = Release|Any CPU
		{F270FC5C-8E30-4770-A0AF-D048D4DCDF88}.Release|Mixed Platforms.Build.0 = Release|Any CPU
		{F270FC5C-8E30-4770-A0AF-D048D4DCDF88}.Release|x64.ActiveCfg = Release|Any CPU
		{F270FC5C-8E30-4770-A0AF-D048D4DCDF88}.Release|x86.ActiveCfg = Release|Any CPU
		{F270FC5C-8E30-4770-A0AF-D048D4DCDF88}.ReleaseFW2|Any CPU.ActiveCfg = Release|Any CPU
		{F270FC5C-8E30-4770-A0AF-D048D4DCDF88}.ReleaseFW2|Any CPU.Build.0 = Release|Any CPU
		{F270FC5C-8E30-4770-A0AF-D048D4DCDF88}.ReleaseFW2|Mixed Platforms.ActiveCfg = Release|Any CPU
		{F270FC5C-8E30-4770-A0AF-D048D4DCDF88}.ReleaseFW2|Mixed Platforms.Build.0 = Release|Any CPU
		{F270FC5C-8E30-4770-A0AF-D048D4DCDF88}.ReleaseFW2|x64.ActiveCfg = Release|Any CPU
		{F270FC5C-8E30-4770-A0AF-D048D4DCDF88}.ReleaseFW2|x86.ActiveCfg = Release|Any CPU
		{8AAEC127-624E-4298-B32D-250888E402F3}.Debug|Any CPU.ActiveCfg = Debug|Any CPU
		{8AAEC127-624E-4298-B32D-250888E402F3}.Debug|Any CPU.Build.0 = Debug|Any CPU
		{8AAEC127-624E-4298-B32D-250888E402F3}.Debug|Mixed Platforms.ActiveCfg = Debug|Any CPU
		{8AAEC127-624E-4298-B32D-250888E402F3}.Debug|Mixed Platforms.Build.0 = Debug|Any CPU
		{8AAEC127-624E-4298-B32D-250888E402F3}.Debug|x64.ActiveCfg = Debug|Any CPU
		{8AAEC127-624E-4298-B32D-250888E402F3}.Debug|x86.ActiveCfg = Debug|Any CPU
		{8AAEC127-624E-4298-B32D-250888E402F3}.DebugNoTimeout|Any CPU.ActiveCfg = Debug|Any CPU
		{8AAEC127-624E-4298-B32D-250888E402F3}.DebugNoTimeout|Any CPU.Build.0 = Debug|Any CPU
		{8AAEC127-624E-4298-B32D-250888E402F3}.DebugNoTimeout|Mixed Platforms.ActiveCfg = Debug|Any CPU
		{8AAEC127-624E-4298-B32D-250888E402F3}.DebugNoTimeout|Mixed Platforms.Build.0 = Debug|Any CPU
		{8AAEC127-624E-4298-B32D-250888E402F3}.DebugNoTimeout|x64.ActiveCfg = Debug|Any CPU
		{8AAEC127-624E-4298-B32D-250888E402F3}.DebugNoTimeout|x86.ActiveCfg = Debug|Any CPU
		{8AAEC127-624E-4298-B32D-250888E402F3}.Release|Any CPU.ActiveCfg = Release|Any CPU
		{8AAEC127-624E-4298-B32D-250888E402F3}.Release|Any CPU.Build.0 = Release|Any CPU
		{8AAEC127-624E-4298-B32D-250888E402F3}.Release|Mixed Platforms.ActiveCfg = Release|Any CPU
		{8AAEC127-624E-4298-B32D-250888E402F3}.Release|Mixed Platforms.Build.0 = Release|Any CPU
		{8AAEC127-624E-4298-B32D-250888E402F3}.Release|x64.ActiveCfg = Release|Any CPU
		{8AAEC127-624E-4298-B32D-250888E402F3}.Release|x86.ActiveCfg = Release|Any CPU
		{8AAEC127-624E-4298-B32D-250888E402F3}.ReleaseFW2|Any CPU.ActiveCfg = Release|Any CPU
		{8AAEC127-624E-4298-B32D-250888E402F3}.ReleaseFW2|Any CPU.Build.0 = Release|Any CPU
		{8AAEC127-624E-4298-B32D-250888E402F3}.ReleaseFW2|Mixed Platforms.ActiveCfg = Release|Any CPU
		{8AAEC127-624E-4298-B32D-250888E402F3}.ReleaseFW2|Mixed Platforms.Build.0 = Release|Any CPU
		{8AAEC127-624E-4298-B32D-250888E402F3}.ReleaseFW2|x64.ActiveCfg = Release|Any CPU
		{8AAEC127-624E-4298-B32D-250888E402F3}.ReleaseFW2|x86.ActiveCfg = Release|Any CPU
		{715AAC89-346A-4CBC-BC89-10B56AEF7AAB}.Debug|Any CPU.ActiveCfg = Debug|Any CPU
		{715AAC89-346A-4CBC-BC89-10B56AEF7AAB}.Debug|Any CPU.Build.0 = Debug|Any CPU
		{715AAC89-346A-4CBC-BC89-10B56AEF7AAB}.Debug|Mixed Platforms.ActiveCfg = Debug|Any CPU
		{715AAC89-346A-4CBC-BC89-10B56AEF7AAB}.Debug|Mixed Platforms.Build.0 = Debug|Any CPU
		{715AAC89-346A-4CBC-BC89-10B56AEF7AAB}.Debug|x64.ActiveCfg = Debug|Any CPU
		{715AAC89-346A-4CBC-BC89-10B56AEF7AAB}.Debug|x86.ActiveCfg = Debug|Any CPU
		{715AAC89-346A-4CBC-BC89-10B56AEF7AAB}.DebugNoTimeout|Any CPU.ActiveCfg = Debug|Any CPU
		{715AAC89-346A-4CBC-BC89-10B56AEF7AAB}.DebugNoTimeout|Any CPU.Build.0 = Debug|Any CPU
		{715AAC89-346A-4CBC-BC89-10B56AEF7AAB}.DebugNoTimeout|Mixed Platforms.ActiveCfg = Debug|Any CPU
		{715AAC89-346A-4CBC-BC89-10B56AEF7AAB}.DebugNoTimeout|Mixed Platforms.Build.0 = Debug|Any CPU
		{715AAC89-346A-4CBC-BC89-10B56AEF7AAB}.DebugNoTimeout|x64.ActiveCfg = Debug|Any CPU
		{715AAC89-346A-4CBC-BC89-10B56AEF7AAB}.DebugNoTimeout|x86.ActiveCfg = Debug|Any CPU
		{715AAC89-346A-4CBC-BC89-10B56AEF7AAB}.Release|Any CPU.ActiveCfg = Release|Any CPU
		{715AAC89-346A-4CBC-BC89-10B56AEF7AAB}.Release|Any CPU.Build.0 = Release|Any CPU
		{715AAC89-346A-4CBC-BC89-10B56AEF7AAB}.Release|Mixed Platforms.ActiveCfg = Release|Any CPU
		{715AAC89-346A-4CBC-BC89-10B56AEF7AAB}.Release|Mixed Platforms.Build.0 = Release|Any CPU
		{715AAC89-346A-4CBC-BC89-10B56AEF7AAB}.Release|x64.ActiveCfg = Release|Any CPU
		{715AAC89-346A-4CBC-BC89-10B56AEF7AAB}.Release|x86.ActiveCfg = Release|Any CPU
		{715AAC89-346A-4CBC-BC89-10B56AEF7AAB}.ReleaseFW2|Any CPU.ActiveCfg = Release|Any CPU
		{715AAC89-346A-4CBC-BC89-10B56AEF7AAB}.ReleaseFW2|Any CPU.Build.0 = Release|Any CPU
		{715AAC89-346A-4CBC-BC89-10B56AEF7AAB}.ReleaseFW2|Mixed Platforms.ActiveCfg = Release|Any CPU
		{715AAC89-346A-4CBC-BC89-10B56AEF7AAB}.ReleaseFW2|Mixed Platforms.Build.0 = Release|Any CPU
		{715AAC89-346A-4CBC-BC89-10B56AEF7AAB}.ReleaseFW2|x64.ActiveCfg = Release|Any CPU
		{715AAC89-346A-4CBC-BC89-10B56AEF7AAB}.ReleaseFW2|x86.ActiveCfg = Release|Any CPU
		{C6B56944-02CD-44F8-9711-455A6BF56C2F}.Debug|Any CPU.ActiveCfg = Debug|Any CPU
		{C6B56944-02CD-44F8-9711-455A6BF56C2F}.Debug|Any CPU.Build.0 = Debug|Any CPU
		{C6B56944-02CD-44F8-9711-455A6BF56C2F}.Debug|Mixed Platforms.ActiveCfg = Debug|Any CPU
		{C6B56944-02CD-44F8-9711-455A6BF56C2F}.Debug|Mixed Platforms.Build.0 = Debug|Any CPU
		{C6B56944-02CD-44F8-9711-455A6BF56C2F}.Debug|x64.ActiveCfg = Debug|Any CPU
		{C6B56944-02CD-44F8-9711-455A6BF56C2F}.Debug|x86.ActiveCfg = Debug|Any CPU
		{C6B56944-02CD-44F8-9711-455A6BF56C2F}.DebugNoTimeout|Any CPU.ActiveCfg = Debug|Any CPU
		{C6B56944-02CD-44F8-9711-455A6BF56C2F}.DebugNoTimeout|Any CPU.Build.0 = Debug|Any CPU
		{C6B56944-02CD-44F8-9711-455A6BF56C2F}.DebugNoTimeout|Mixed Platforms.ActiveCfg = Debug|Any CPU
		{C6B56944-02CD-44F8-9711-455A6BF56C2F}.DebugNoTimeout|Mixed Platforms.Build.0 = Debug|Any CPU
		{C6B56944-02CD-44F8-9711-455A6BF56C2F}.DebugNoTimeout|x64.ActiveCfg = Debug|Any CPU
		{C6B56944-02CD-44F8-9711-455A6BF56C2F}.DebugNoTimeout|x86.ActiveCfg = Debug|Any CPU
		{C6B56944-02CD-44F8-9711-455A6BF56C2F}.Release|Any CPU.ActiveCfg = Release|Any CPU
		{C6B56944-02CD-44F8-9711-455A6BF56C2F}.Release|Any CPU.Build.0 = Release|Any CPU
		{C6B56944-02CD-44F8-9711-455A6BF56C2F}.Release|Mixed Platforms.ActiveCfg = Release|Any CPU
		{C6B56944-02CD-44F8-9711-455A6BF56C2F}.Release|Mixed Platforms.Build.0 = Release|Any CPU
		{C6B56944-02CD-44F8-9711-455A6BF56C2F}.Release|x64.ActiveCfg = Release|Any CPU
		{C6B56944-02CD-44F8-9711-455A6BF56C2F}.Release|x86.ActiveCfg = Release|Any CPU
		{C6B56944-02CD-44F8-9711-455A6BF56C2F}.ReleaseFW2|Any CPU.ActiveCfg = Release|Any CPU
		{C6B56944-02CD-44F8-9711-455A6BF56C2F}.ReleaseFW2|Any CPU.Build.0 = Release|Any CPU
		{C6B56944-02CD-44F8-9711-455A6BF56C2F}.ReleaseFW2|Mixed Platforms.ActiveCfg = Release|Any CPU
		{C6B56944-02CD-44F8-9711-455A6BF56C2F}.ReleaseFW2|Mixed Platforms.Build.0 = Release|Any CPU
		{C6B56944-02CD-44F8-9711-455A6BF56C2F}.ReleaseFW2|x64.ActiveCfg = Release|Any CPU
		{C6B56944-02CD-44F8-9711-455A6BF56C2F}.ReleaseFW2|x86.ActiveCfg = Release|Any CPU
	EndGlobalSection
	GlobalSection(SolutionProperties) = preSolution
		HideSolutionNode = FALSE
	EndGlobalSection
EndGlobal
>>>>>>> upstream/devel-tuiSSE-GuiDesign
